// !$*UTF8*$!
{
	archiveVersion = 1;
	classes = {
	};
	objectVersion = 50;
	objects = {

/* Begin PBXBuildFile section */
		39BB9080233B4F5A0038705F /* AppDelegate.swift in Sources */ = {isa = PBXBuildFile; fileRef = 39BB907F233B4F5A0038705F /* AppDelegate.swift */; };
		39BB9084233B4F5A0038705F /* HomeViewController.swift in Sources */ = {isa = PBXBuildFile; fileRef = 39BB9083233B4F5A0038705F /* HomeViewController.swift */; };
		39BB9087233B4F5A0038705F /* Main.storyboard in Resources */ = {isa = PBXBuildFile; fileRef = 39BB9085233B4F5A0038705F /* Main.storyboard */; };
		39BB9089233B4F5B0038705F /* Assets.xcassets in Resources */ = {isa = PBXBuildFile; fileRef = 39BB9088233B4F5B0038705F /* Assets.xcassets */; };
		39BB908C233B4F5B0038705F /* LaunchScreen.storyboard in Resources */ = {isa = PBXBuildFile; fileRef = 39BB908A233B4F5B0038705F /* LaunchScreen.storyboard */; };
		39BB9096233B6C650038705F /* AVFoundation.framework in Frameworks */ = {isa = PBXBuildFile; fileRef = 39BB9095233B6C640038705F /* AVFoundation.framework */; };
		39BB9098233B6C6A0038705F /* UIKit.framework in Frameworks */ = {isa = PBXBuildFile; fileRef = 39BB9097233B6C6A0038705F /* UIKit.framework */; };
		39BB909A233B6C770038705F /* libHeartRateKit.a in Frameworks */ = {isa = PBXBuildFile; fileRef = 39BB9099233B6C770038705F /* libHeartRateKit.a */; };
		39BB909D233B6F4D0038705F /* UserInformation.plist in Resources */ = {isa = PBXBuildFile; fileRef = 39BB909C233B6F4D0038705F /* UserInformation.plist */; };
		39BB909F233B71C50038705F /* SetupViewController.swift in Sources */ = {isa = PBXBuildFile; fileRef = 39BB909E233B71C50038705F /* SetupViewController.swift */; };
/* End PBXBuildFile section */

/* Begin PBXFileReference section */
		39BB907C233B4F5A0038705F /* CalorieBurnout.app */ = {isa = PBXFileReference; explicitFileType = wrapper.application; includeInIndex = 0; path = CalorieBurnout.app; sourceTree = BUILT_PRODUCTS_DIR; };
		39BB907F233B4F5A0038705F /* AppDelegate.swift */ = {isa = PBXFileReference; lastKnownFileType = sourcecode.swift; path = AppDelegate.swift; sourceTree = "<group>"; };
		39BB9083233B4F5A0038705F /* HomeViewController.swift */ = {isa = PBXFileReference; lastKnownFileType = sourcecode.swift; path = HomeViewController.swift; sourceTree = "<group>"; };
		39BB9086233B4F5A0038705F /* Base */ = {isa = PBXFileReference; lastKnownFileType = file.storyboard; name = Base; path = Base.lproj/Main.storyboard; sourceTree = "<group>"; };
		39BB9088233B4F5B0038705F /* Assets.xcassets */ = {isa = PBXFileReference; lastKnownFileType = folder.assetcatalog; path = Assets.xcassets; sourceTree = "<group>"; };
		39BB908B233B4F5B0038705F /* Base */ = {isa = PBXFileReference; lastKnownFileType = file.storyboard; name = Base; path = Base.lproj/LaunchScreen.storyboard; sourceTree = "<group>"; };
		39BB908D233B4F5B0038705F /* Info.plist */ = {isa = PBXFileReference; lastKnownFileType = text.plist.xml; path = Info.plist; sourceTree = "<group>"; };
		39BB9095233B6C640038705F /* AVFoundation.framework */ = {isa = PBXFileReference; lastKnownFileType = wrapper.framework; name = AVFoundation.framework; path = System/Library/Frameworks/AVFoundation.framework; sourceTree = SDKROOT; };
		39BB9097233B6C6A0038705F /* UIKit.framework */ = {isa = PBXFileReference; lastKnownFileType = wrapper.framework; name = UIKit.framework; path = System/Library/Frameworks/UIKit.framework; sourceTree = SDKROOT; };
		39BB9099233B6C770038705F /* libHeartRateKit.a */ = {isa = PBXFileReference; lastKnownFileType = archive.ar; name = libHeartRateKit.a; path = CalorieBurnout/libHeartRateKit.a; sourceTree = "<group>"; };
		39BB909C233B6F4D0038705F /* UserInformation.plist */ = {isa = PBXFileReference; lastKnownFileType = text.plist.xml; path = UserInformation.plist; sourceTree = "<group>"; };
		39BB909E233B71C50038705F /* SetupViewController.swift */ = {isa = PBXFileReference; lastKnownFileType = sourcecode.swift; path = SetupViewController.swift; sourceTree = "<group>"; };
/* End PBXFileReference section */

/* Begin PBXFrameworksBuildPhase section */
		39BB9079233B4F5A0038705F /* Frameworks */ = {
			isa = PBXFrameworksBuildPhase;
			buildActionMask = 2147483647;
			files = (
				39BB9098233B6C6A0038705F /* UIKit.framework in Frameworks */,
				39BB909A233B6C770038705F /* libHeartRateKit.a in Frameworks */,
				39BB9096233B6C650038705F /* AVFoundation.framework in Frameworks */,
			);
			runOnlyForDeploymentPostprocessing = 0;
		};
/* End PBXFrameworksBuildPhase section */

/* Begin PBXGroup section */
		39BB9073233B4F5A0038705F = {
			isa = PBXGroup;
			children = (
				39BB907E233B4F5A0038705F /* CalorieBurnout */,
				39BB9094233B6C640038705F /* Frameworks */,
				39BB907D233B4F5A0038705F /* Products */,
			);
			sourceTree = "<group>";
		};
		39BB907D233B4F5A0038705F /* Products */ = {
			isa = PBXGroup;
			children = (
				39BB907C233B4F5A0038705F /* CalorieBurnout.app */,
			);
			name = Products;
			sourceTree = "<group>";
		};
		39BB907E233B4F5A0038705F /* CalorieBurnout */ = {
			isa = PBXGroup;
			children = (
				39BB90A0233B71CB0038705F /* ViewControllers */,
				39BB90A2233B71F30038705F /* User Interfaces */,
				39BB909B233B6F140038705F /* Database */,
				39BB90A1233B71E60038705F /* Support Files */,
				39BB907F233B4F5A0038705F /* AppDelegate.swift */,
			);
			path = CalorieBurnout;
			sourceTree = "<group>";
		};
		39BB9094233B6C640038705F /* Frameworks */ = {
			isa = PBXGroup;
			children = (
				39BB9099233B6C770038705F /* libHeartRateKit.a */,
				39BB9097233B6C6A0038705F /* UIKit.framework */,
				39BB9095233B6C640038705F /* AVFoundation.framework */,
			);
			name = Frameworks;
			sourceTree = "<group>";
		};
		39BB909B233B6F140038705F /* Database */ = {
			isa = PBXGroup;
			children = (
				39BB909C233B6F4D0038705F /* UserInformation.plist */,
			);
			path = Database;
			sourceTree = "<group>";
		};
		39BB90A0233B71CB0038705F /* ViewControllers */ = {
			isa = PBXGroup;
			children = (
				39BB9083233B4F5A0038705F /* HomeViewController.swift */,
				39BB909E233B71C50038705F /* SetupViewController.swift */,
			);
			path = ViewControllers;
			sourceTree = "<group>";
		};
		39BB90A1233B71E60038705F /* Support Files */ = {
			isa = PBXGroup;
			children = (
				39BB9088233B4F5B0038705F /* Assets.xcassets */,
				39BB908D233B4F5B0038705F /* Info.plist */,
			);
			path = "Support Files";
			sourceTree = "<group>";
		};
		39BB90A2233B71F30038705F /* User Interfaces */ = {
			isa = PBXGroup;
			children = (
				39BB9085233B4F5A0038705F /* Main.storyboard */,
				39BB908A233B4F5B0038705F /* LaunchScreen.storyboard */,
			);
			path = "User Interfaces";
			sourceTree = "<group>";
		};
/* End PBXGroup section */

/* Begin PBXNativeTarget section */
		39BB907B233B4F5A0038705F /* CalorieBurnout */ = {
			isa = PBXNativeTarget;
			buildConfigurationList = 39BB9090233B4F5B0038705F /* Build configuration list for PBXNativeTarget "CalorieBurnout" */;
			buildPhases = (
				39BB9078233B4F5A0038705F /* Sources */,
				39BB9079233B4F5A0038705F /* Frameworks */,
				39BB907A233B4F5A0038705F /* Resources */,
			);
			buildRules = (
			);
			dependencies = (
			);
			name = CalorieBurnout;
			productName = CalorieBurnout;
			productReference = 39BB907C233B4F5A0038705F /* CalorieBurnout.app */;
			productType = "com.apple.product-type.application";
		};
/* End PBXNativeTarget section */

/* Begin PBXProject section */
		39BB9074233B4F5A0038705F /* Project object */ = {
			isa = PBXProject;
			attributes = {
				LastSwiftUpdateCheck = 1100;
				LastUpgradeCheck = 1100;
				ORGANIZATIONNAME = "Ashwin Gattani";
				TargetAttributes = {
					39BB907B233B4F5A0038705F = {
						CreatedOnToolsVersion = 11.0;
					};
				};
			};
			buildConfigurationList = 39BB9077233B4F5A0038705F /* Build configuration list for PBXProject "CalorieBurnout" */;
			compatibilityVersion = "Xcode 9.3";
			developmentRegion = en;
			hasScannedForEncodings = 0;
			knownRegions = (
				en,
				Base,
			);
			mainGroup = 39BB9073233B4F5A0038705F;
			productRefGroup = 39BB907D233B4F5A0038705F /* Products */;
			projectDirPath = "";
			projectRoot = "";
			targets = (
				39BB907B233B4F5A0038705F /* CalorieBurnout */,
			);
		};
/* End PBXProject section */

/* Begin PBXResourcesBuildPhase section */
		39BB907A233B4F5A0038705F /* Resources */ = {
			isa = PBXResourcesBuildPhase;
			buildActionMask = 2147483647;
			files = (
				39BB909D233B6F4D0038705F /* UserInformation.plist in Resources */,
				39BB908C233B4F5B0038705F /* LaunchScreen.storyboard in Resources */,
				39BB9089233B4F5B0038705F /* Assets.xcassets in Resources */,
				39BB9087233B4F5A0038705F /* Main.storyboard in Resources */,
			);
			runOnlyForDeploymentPostprocessing = 0;
		};
/* End PBXResourcesBuildPhase section */

/* Begin PBXSourcesBuildPhase section */
		39BB9078233B4F5A0038705F /* Sources */ = {
			isa = PBXSourcesBuildPhase;
			buildActionMask = 2147483647;
			files = (
				39BB9084233B4F5A0038705F /* HomeViewController.swift in Sources */,
				39BB909F233B71C50038705F /* SetupViewController.swift in Sources */,
				39BB9080233B4F5A0038705F /* AppDelegate.swift in Sources */,
			);
			runOnlyForDeploymentPostprocessing = 0;
		};
/* End PBXSourcesBuildPhase section */

/* Begin PBXVariantGroup section */
		39BB9085233B4F5A0038705F /* Main.storyboard */ = {
			isa = PBXVariantGroup;
			children = (
				39BB9086233B4F5A0038705F /* Base */,
			);
			name = Main.storyboard;
			sourceTree = "<group>";
		};
		39BB908A233B4F5B0038705F /* LaunchScreen.storyboard */ = {
			isa = PBXVariantGroup;
			children = (
				39BB908B233B4F5B0038705F /* Base */,
			);
			name = LaunchScreen.storyboard;
			sourceTree = "<group>";
		};
/* End PBXVariantGroup section */

/* Begin XCBuildConfiguration section */
		39BB908E233B4F5B0038705F /* Debug */ = {
			isa = XCBuildConfiguration;
			buildSettings = {
				ALWAYS_SEARCH_USER_PATHS = NO;
				CLANG_ANALYZER_NONNULL = YES;
				CLANG_ANALYZER_NUMBER_OBJECT_CONVERSION = YES_AGGRESSIVE;
				CLANG_CXX_LANGUAGE_STANDARD = "gnu++14";
				CLANG_CXX_LIBRARY = "libc++";
				CLANG_ENABLE_MODULES = YES;
				CLANG_ENABLE_OBJC_ARC = YES;
				CLANG_ENABLE_OBJC_WEAK = YES;
				CLANG_WARN_BLOCK_CAPTURE_AUTORELEASING = YES;
				CLANG_WARN_BOOL_CONVERSION = YES;
				CLANG_WARN_COMMA = YES;
				CLANG_WARN_CONSTANT_CONVERSION = YES;
				CLANG_WARN_DEPRECATED_OBJC_IMPLEMENTATIONS = YES;
				CLANG_WARN_DIRECT_OBJC_ISA_USAGE = YES_ERROR;
				CLANG_WARN_DOCUMENTATION_COMMENTS = YES;
				CLANG_WARN_EMPTY_BODY = YES;
				CLANG_WARN_ENUM_CONVERSION = YES;
				CLANG_WARN_INFINITE_RECURSION = YES;
				CLANG_WARN_INT_CONVERSION = YES;
				CLANG_WARN_NON_LITERAL_NULL_CONVERSION = YES;
				CLANG_WARN_OBJC_IMPLICIT_RETAIN_SELF = YES;
				CLANG_WARN_OBJC_LITERAL_CONVERSION = YES;
				CLANG_WARN_OBJC_ROOT_CLASS = YES_ERROR;
				CLANG_WARN_RANGE_LOOP_ANALYSIS = YES;
				CLANG_WARN_STRICT_PROTOTYPES = YES;
				CLANG_WARN_SUSPICIOUS_MOVE = YES;
				CLANG_WARN_UNGUARDED_AVAILABILITY = YES_AGGRESSIVE;
				CLANG_WARN_UNREACHABLE_CODE = YES;
				CLANG_WARN__DUPLICATE_METHOD_MATCH = YES;
				COPY_PHASE_STRIP = NO;
				DEBUG_INFORMATION_FORMAT = dwarf;
				ENABLE_STRICT_OBJC_MSGSEND = YES;
				ENABLE_TESTABILITY = YES;
				GCC_C_LANGUAGE_STANDARD = gnu11;
				GCC_DYNAMIC_NO_PIC = NO;
				GCC_NO_COMMON_BLOCKS = YES;
				GCC_OPTIMIZATION_LEVEL = 0;
				GCC_PREPROCESSOR_DEFINITIONS = (
					"DEBUG=1",
					"$(inherited)",
				);
				GCC_WARN_64_TO_32_BIT_CONVERSION = YES;
				GCC_WARN_ABOUT_RETURN_TYPE = YES_ERROR;
				GCC_WARN_UNDECLARED_SELECTOR = YES;
				GCC_WARN_UNINITIALIZED_AUTOS = YES_AGGRESSIVE;
				GCC_WARN_UNUSED_FUNCTION = YES;
				GCC_WARN_UNUSED_VARIABLE = YES;
				IPHONEOS_DEPLOYMENT_TARGET = 11.0;
				MTL_ENABLE_DEBUG_INFO = INCLUDE_SOURCE;
				MTL_FAST_MATH = YES;
				ONLY_ACTIVE_ARCH = YES;
				SDKROOT = iphoneos;
				SWIFT_ACTIVE_COMPILATION_CONDITIONS = DEBUG;
				SWIFT_OPTIMIZATION_LEVEL = "-Onone";
			};
			name = Debug;
		};
		39BB908F233B4F5B0038705F /* Release */ = {
			isa = XCBuildConfiguration;
			buildSettings = {
				ALWAYS_SEARCH_USER_PATHS = NO;
				CLANG_ANALYZER_NONNULL = YES;
				CLANG_ANALYZER_NUMBER_OBJECT_CONVERSION = YES_AGGRESSIVE;
				CLANG_CXX_LANGUAGE_STANDARD = "gnu++14";
				CLANG_CXX_LIBRARY = "libc++";
				CLANG_ENABLE_MODULES = YES;
				CLANG_ENABLE_OBJC_ARC = YES;
				CLANG_ENABLE_OBJC_WEAK = YES;
				CLANG_WARN_BLOCK_CAPTURE_AUTORELEASING = YES;
				CLANG_WARN_BOOL_CONVERSION = YES;
				CLANG_WARN_COMMA = YES;
				CLANG_WARN_CONSTANT_CONVERSION = YES;
				CLANG_WARN_DEPRECATED_OBJC_IMPLEMENTATIONS = YES;
				CLANG_WARN_DIRECT_OBJC_ISA_USAGE = YES_ERROR;
				CLANG_WARN_DOCUMENTATION_COMMENTS = YES;
				CLANG_WARN_EMPTY_BODY = YES;
				CLANG_WARN_ENUM_CONVERSION = YES;
				CLANG_WARN_INFINITE_RECURSION = YES;
				CLANG_WARN_INT_CONVERSION = YES;
				CLANG_WARN_NON_LITERAL_NULL_CONVERSION = YES;
				CLANG_WARN_OBJC_IMPLICIT_RETAIN_SELF = YES;
				CLANG_WARN_OBJC_LITERAL_CONVERSION = YES;
				CLANG_WARN_OBJC_ROOT_CLASS = YES_ERROR;
				CLANG_WARN_RANGE_LOOP_ANALYSIS = YES;
				CLANG_WARN_STRICT_PROTOTYPES = YES;
				CLANG_WARN_SUSPICIOUS_MOVE = YES;
				CLANG_WARN_UNGUARDED_AVAILABILITY = YES_AGGRESSIVE;
				CLANG_WARN_UNREACHABLE_CODE = YES;
				CLANG_WARN__DUPLICATE_METHOD_MATCH = YES;
				COPY_PHASE_STRIP = NO;
				DEBUG_INFORMATION_FORMAT = "dwarf-with-dsym";
				ENABLE_NS_ASSERTIONS = NO;
				ENABLE_STRICT_OBJC_MSGSEND = YES;
				GCC_C_LANGUAGE_STANDARD = gnu11;
				GCC_NO_COMMON_BLOCKS = YES;
				GCC_WARN_64_TO_32_BIT_CONVERSION = YES;
				GCC_WARN_ABOUT_RETURN_TYPE = YES_ERROR;
				GCC_WARN_UNDECLARED_SELECTOR = YES;
				GCC_WARN_UNINITIALIZED_AUTOS = YES_AGGRESSIVE;
				GCC_WARN_UNUSED_FUNCTION = YES;
				GCC_WARN_UNUSED_VARIABLE = YES;
				IPHONEOS_DEPLOYMENT_TARGET = 11.0;
				MTL_ENABLE_DEBUG_INFO = NO;
				MTL_FAST_MATH = YES;
				SDKROOT = iphoneos;
				SWIFT_COMPILATION_MODE = wholemodule;
				SWIFT_OPTIMIZATION_LEVEL = "-O";
				VALIDATE_PRODUCT = YES;
			};
			name = Release;
		};
		39BB9091233B4F5B0038705F /* Debug */ = {
			isa = XCBuildConfiguration;
			buildSettings = {
				ASSETCATALOG_COMPILER_APPICON_NAME = AppIcon;
				CODE_SIGN_STYLE = Automatic;
				DEVELOPMENT_TEAM = T8RYTVQ4BP;
				HEADER_SEARCH_PATHS = "\"$(SRCROOT)/CalorieBurnout/\"/**";
				INFOPLIST_FILE = "CalorieBurnout/Support Files/Info.plist";
				IPHONEOS_DEPLOYMENT_TARGET = 11.0;
				LD_RUNPATH_SEARCH_PATHS = (
					"$(inherited)",
					"@executable_path/Frameworks",
				);
				LIBRARY_SEARCH_PATHS = (
					"$(inherited)",
					"$(PROJECT_DIR)/CalorieBurnout",
				);
				PRODUCT_BUNDLE_IDENTIFIER = com.protons.CalorieBurnout;
				PRODUCT_NAME = "$(TARGET_NAME)";
				SWIFT_VERSION = 5.0;
				TARGETED_DEVICE_FAMILY = "1,2";
			};
			name = Debug;
		};
		39BB9092233B4F5B0038705F /* Release */ = {
			isa = XCBuildConfiguration;
			buildSettings = {
				ASSETCATALOG_COMPILER_APPICON_NAME = AppIcon;
				CODE_SIGN_STYLE = Automatic;
				DEVELOPMENT_TEAM = T8RYTVQ4BP;
				HEADER_SEARCH_PATHS = "\"$(SRCROOT)/CalorieBurnout/\"/**";
				INFOPLIST_FILE = "CalorieBurnout/Support Files/Info.plist";
				IPHONEOS_DEPLOYMENT_TARGET = 11.0;
				LD_RUNPATH_SEARCH_PATHS = (
					"$(inherited)",
					"@executable_path/Frameworks",
				);
				LIBRARY_SEARCH_PATHS = (
					"$(inherited)",
					"$(PROJECT_DIR)/CalorieBurnout",
				);
				PRODUCT_BUNDLE_IDENTIFIER = com.protons.CalorieBurnout;
				PRODUCT_NAME = "$(TARGET_NAME)";
				SWIFT_VERSION = 5.0;
				TARGETED_DEVICE_FAMILY = "1,2";
			};
			name = Release;
		};
/* End XCBuildConfiguration section */

/* Begin XCConfigurationList section */
		39BB9077233B4F5A0038705F /* Build configuration list for PBXProject "CalorieBurnout" */ = {
			isa = XCConfigurationList;
			buildConfigurations = (
				39BB908E233B4F5B0038705F /* Debug */,
				39BB908F233B4F5B0038705F /* Release */,
			);
			defaultConfigurationIsVisible = 0;
			defaultConfigurationName = Release;
		};
		39BB9090233B4F5B0038705F /* Build configuration list for PBXNativeTarget "CalorieBurnout" */ = {
			isa = XCConfigurationList;
			buildConfigurations = (
				39BB9091233B4F5B0038705F /* Debug */,
				39BB9092233B4F5B0038705F /* Release */,
			);
			defaultConfigurationIsVisible = 0;
			defaultConfigurationName = Release;
		};
/* End XCConfigurationList section */
	};
	rootObject = 39BB9074233B4F5A0038705F /* Project object */;
}
